// !$*UTF8*$!
{
	archiveVersion = 1;
	classes = {
	};
	objectVersion = 50;
	objects = {

/* Begin PBXBuildFile section */
		C30B68322265AF34008BD010 /* AppDelegate.swift in Sources */ = {isa = PBXBuildFile; fileRef = C30B68312265AF34008BD010 /* AppDelegate.swift */; };
		C30B68342265AF34008BD010 /* ViewController.swift in Sources */ = {isa = PBXBuildFile; fileRef = C30B68332265AF34008BD010 /* ViewController.swift */; };
		C30B68372265AF34008BD010 /* Main.storyboard in Resources */ = {isa = PBXBuildFile; fileRef = C30B68352265AF34008BD010 /* Main.storyboard */; };
		C30B68392265AF36008BD010 /* Assets.xcassets in Resources */ = {isa = PBXBuildFile; fileRef = C30B68382265AF36008BD010 /* Assets.xcassets */; };
		C30B683C2265AF36008BD010 /* LaunchScreen.storyboard in Resources */ = {isa = PBXBuildFile; fileRef = C30B683A2265AF36008BD010 /* LaunchScreen.storyboard */; };
		C30B68452265AF98008BD010 /* QSRatingView.swift in Sources */ = {isa = PBXBuildFile; fileRef = C30B68442265AF98008BD010 /* QSRatingView.swift */; };
		C30B68472265AFA4008BD010 /* QSRatingView.xib in Resources */ = {isa = PBXBuildFile; fileRef = C30B68462265AFA4008BD010 /* QSRatingView.xib */; };
/* End PBXBuildFile section */

/* Begin PBXFileReference section */
		C30B682E2265AF34008BD010 /* QSRatingView.app */ = {isa = PBXFileReference; explicitFileType = wrapper.application; includeInIndex = 0; path = QSRatingView.app; sourceTree = BUILT_PRODUCTS_DIR; };
		C30B68312265AF34008BD010 /* AppDelegate.swift */ = {isa = PBXFileReference; lastKnownFileType = sourcecode.swift; path = AppDelegate.swift; sourceTree = "<group>"; };
		C30B68332265AF34008BD010 /* ViewController.swift */ = {isa = PBXFileReference; lastKnownFileType = sourcecode.swift; path = ViewController.swift; sourceTree = "<group>"; };
		C30B68362265AF34008BD010 /* Base */ = {isa = PBXFileReference; lastKnownFileType = file.storyboard; name = Base; path = Base.lproj/Main.storyboard; sourceTree = "<group>"; };
		C30B68382265AF36008BD010 /* Assets.xcassets */ = {isa = PBXFileReference; lastKnownFileType = folder.assetcatalog; path = Assets.xcassets; sourceTree = "<group>"; };
		C30B683B2265AF36008BD010 /* Base */ = {isa = PBXFileReference; lastKnownFileType = file.storyboard; name = Base; path = Base.lproj/LaunchScreen.storyboard; sourceTree = "<group>"; };
		C30B683D2265AF36008BD010 /* Info.plist */ = {isa = PBXFileReference; lastKnownFileType = text.plist.xml; path = Info.plist; sourceTree = "<group>"; };
		C30B68442265AF98008BD010 /* QSRatingView.swift */ = {isa = PBXFileReference; lastKnownFileType = sourcecode.swift; path = QSRatingView.swift; sourceTree = "<group>"; };
		C30B68462265AFA4008BD010 /* QSRatingView.xib */ = {isa = PBXFileReference; lastKnownFileType = file.xib; path = QSRatingView.xib; sourceTree = "<group>"; };
/* End PBXFileReference section */

/* Begin PBXFrameworksBuildPhase section */
		C30B682B2265AF34008BD010 /* Frameworks */ = {
			isa = PBXFrameworksBuildPhase;
			buildActionMask = 2147483647;
			files = (
			);
			runOnlyForDeploymentPostprocessing = 0;
		};
/* End PBXFrameworksBuildPhase section */

/* Begin PBXGroup section */
		C30B68252265AF34008BD010 = {
			isa = PBXGroup;
			children = (
				C30B68302265AF34008BD010 /* QSRatingView */,
				C30B682F2265AF34008BD010 /* Products */,
			);
			sourceTree = "<group>";
		};
		C30B682F2265AF34008BD010 /* Products */ = {
			isa = PBXGroup;
			children = (
				C30B682E2265AF34008BD010 /* QSRatingView.app */,
			);
			name = Products;
			sourceTree = "<group>";
		};
		C30B68302265AF34008BD010 /* QSRatingView */ = {
			isa = PBXGroup;
			children = (
				C30B68312265AF34008BD010 /* AppDelegate.swift */,
				C30B68332265AF34008BD010 /* ViewController.swift */,
				C30B68432265AF6A008BD010 /* QSRatingView */,
				C30B68352265AF34008BD010 /* Main.storyboard */,
				C30B68382265AF36008BD010 /* Assets.xcassets */,
				C30B683A2265AF36008BD010 /* LaunchScreen.storyboard */,
				C30B683D2265AF36008BD010 /* Info.plist */,
			);
			path = QSRatingView;
			sourceTree = "<group>";
		};
		C30B68432265AF6A008BD010 /* QSRatingView */ = {
			isa = PBXGroup;
			children = (
				C30B68442265AF98008BD010 /* QSRatingView.swift */,
				C30B68462265AFA4008BD010 /* QSRatingView.xib */,
			);
			path = QSRatingView;
			sourceTree = "<group>";
		};
/* End PBXGroup section */

/* Begin PBXNativeTarget section */
		C30B682D2265AF34008BD010 /* QSRatingView */ = {
			isa = PBXNativeTarget;
			buildConfigurationList = C30B68402265AF36008BD010 /* Build configuration list for PBXNativeTarget "QSRatingView" */;
			buildPhases = (
				C30B682A2265AF34008BD010 /* Sources */,
				C30B682B2265AF34008BD010 /* Frameworks */,
				C30B682C2265AF34008BD010 /* Resources */,
			);
			buildRules = (
			);
			dependencies = (
			);
			name = QSRatingView;
			productName = QSRatingView;
			productReference = C30B682E2265AF34008BD010 /* QSRatingView.app */;
			productType = "com.apple.product-type.application";
		};
/* End PBXNativeTarget section */

/* Begin PBXProject section */
		C30B68262265AF34008BD010 /* Project object */ = {
			isa = PBXProject;
			attributes = {
				LastSwiftUpdateCheck = 1020;
				LastUpgradeCheck = 1020;
				ORGANIZATIONNAME = AndyLi;
				TargetAttributes = {
					C30B682D2265AF34008BD010 = {
						CreatedOnToolsVersion = 10.2;
					};
				};
			};
			buildConfigurationList = C30B68292265AF34008BD010 /* Build configuration list for PBXProject "QSRatingView" */;
			compatibilityVersion = "Xcode 9.3";
			developmentRegion = en;
			hasScannedForEncodings = 0;
			knownRegions = (
				en,
				Base,
			);
			mainGroup = C30B68252265AF34008BD010;
			productRefGroup = C30B682F2265AF34008BD010 /* Products */;
			projectDirPath = "";
			projectRoot = "";
			targets = (
				C30B682D2265AF34008BD010 /* QSRatingView */,
			);
		};
/* End PBXProject section */

/* Begin PBXResourcesBuildPhase section */
		C30B682C2265AF34008BD010 /* Resources */ = {
			isa = PBXResourcesBuildPhase;
			buildActionMask = 2147483647;
			files = (
				C30B683C2265AF36008BD010 /* LaunchScreen.storyboard in Resources */,
				C30B68472265AFA4008BD010 /* QSRatingView.xib in Resources */,
				C30B68392265AF36008BD010 /* Assets.xcassets in Resources */,
				C30B68372265AF34008BD010 /* Main.storyboard in Resources */,
			);
			runOnlyForDeploymentPostprocessing = 0;
		};
/* End PBXResourcesBuildPhase section */

/* Begin PBXSourcesBuildPhase section */
		C30B682A2265AF34008BD010 /* Sources */ = {
			isa = PBXSourcesBuildPhase;
			buildActionMask = 2147483647;
			files = (
				C30B68342265AF34008BD010 /* ViewController.swift in Sources */,
				C30B68452265AF98008BD010 /* QSRatingView.swift in Sources */,
				C30B68322265AF34008BD010 /* AppDelegate.swift in Sources */,
			);
			runOnlyForDeploymentPostprocessing = 0;
		};
/* End PBXSourcesBuildPhase section */

/* Begin PBXVariantGroup section */
		C30B68352265AF34008BD010 /* Main.storyboard */ = {
			isa = PBXVariantGroup;
			children = (
				C30B68362265AF34008BD010 /* Base */,
			);
			name = Main.storyboard;
			sourceTree = "<group>";
		};
		C30B683A2265AF36008BD010 /* LaunchScreen.storyboard */ = {
			isa = PBXVariantGroup;
			children = (
				C30B683B2265AF36008BD010 /* Base */,
			);
			name = LaunchScreen.storyboard;
			sourceTree = "<group>";
		};
/* End PBXVariantGroup section */

/* Begin XCBuildConfiguration section */
		C30B683E2265AF36008BD010 /* Debug */ = {
			isa = XCBuildConfiguration;
			buildSettings = {
				ALWAYS_SEARCH_USER_PATHS = NO;
				CLANG_ANALYZER_NONNULL = YES;
				CLANG_ANALYZER_NUMBER_OBJECT_CONVERSION = YES_AGGRESSIVE;
				CLANG_CXX_LANGUAGE_STANDARD = "gnu++14";
				CLANG_CXX_LIBRARY = "libc++";
				CLANG_ENABLE_MODULES = YES;
				CLANG_ENABLE_OBJC_ARC = YES;
				CLANG_ENABLE_OBJC_WEAK = YES;
				CLANG_WARN_BLOCK_CAPTURE_AUTORELEASING = YES;
				CLANG_WARN_BOOL_CONVERSION = YES;
				CLANG_WARN_COMMA = YES;
				CLANG_WARN_CONSTANT_CONVERSION = YES;
				CLANG_WARN_DEPRECATED_OBJC_IMPLEMENTATIONS = YES;
				CLANG_WARN_DIRECT_OBJC_ISA_USAGE = YES_ERROR;
				CLANG_WARN_DOCUMENTATION_COMMENTS = YES;
				CLANG_WARN_EMPTY_BODY = YES;
				CLANG_WARN_ENUM_CONVERSION = YES;
				CLANG_WARN_INFINITE_RECURSION = YES;
				CLANG_WARN_INT_CONVERSION = YES;
				CLANG_WARN_NON_LITERAL_NULL_CONVERSION = YES;
				CLANG_WARN_OBJC_IMPLICIT_RETAIN_SELF = YES;
				CLANG_WARN_OBJC_LITERAL_CONVERSION = YES;
				CLANG_WARN_OBJC_ROOT_CLASS = YES_ERROR;
				CLANG_WARN_RANGE_LOOP_ANALYSIS = YES;
				CLANG_WARN_STRICT_PROTOTYPES = YES;
				CLANG_WARN_SUSPICIOUS_MOVE = YES;
				CLANG_WARN_UNGUARDED_AVAILABILITY = YES_AGGRESSIVE;
				CLANG_WARN_UNREACHABLE_CODE = YES;
				CLANG_WARN__DUPLICATE_METHOD_MATCH = YES;
				CODE_SIGN_IDENTITY = "iPhone Developer";
				COPY_PHASE_STRIP = NO;
				DEBUG_INFORMATION_FORMAT = dwarf;
				ENABLE_STRICT_OBJC_MSGSEND = YES;
				ENABLE_TESTABILITY = YES;
				GCC_C_LANGUAGE_STANDARD = gnu11;
				GCC_DYNAMIC_NO_PIC = NO;
				GCC_NO_COMMON_BLOCKS = YES;
				GCC_OPTIMIZATION_LEVEL = 0;
				GCC_PREPROCESSOR_DEFINITIONS = (
					"DEBUG=1",
					"$(inherited)",
				);
				GCC_WARN_64_TO_32_BIT_CONVERSION = YES;
				GCC_WARN_ABOUT_RETURN_TYPE = YES_ERROR;
				GCC_WARN_UNDECLARED_SELECTOR = YES;
				GCC_WARN_UNINITIALIZED_AUTOS = YES_AGGRESSIVE;
				GCC_WARN_UNUSED_FUNCTION = YES;
				GCC_WARN_UNUSED_VARIABLE = YES;
				IPHONEOS_DEPLOYMENT_TARGET = 12.2;
				MTL_ENABLE_DEBUG_INFO = INCLUDE_SOURCE;
				MTL_FAST_MATH = YES;
				ONLY_ACTIVE_ARCH = YES;
				SDKROOT = iphoneos;
				SWIFT_ACTIVE_COMPILATION_CONDITIONS = DEBUG;
				SWIFT_OPTIMIZATION_LEVEL = "-Onone";
			};
			name = Debug;
		};
		C30B683F2265AF36008BD010 /* Release */ = {
			isa = XCBuildConfiguration;
			buildSettings = {
				ALWAYS_SEARCH_USER_PATHS = NO;
				CLANG_ANALYZER_NONNULL = YES;
				CLANG_ANALYZER_NUMBER_OBJECT_CONVERSION = YES_AGGRESSIVE;
				CLANG_CXX_LANGUAGE_STANDARD = "gnu++14";
				CLANG_CXX_LIBRARY = "libc++";
				CLANG_ENABLE_MODULES = YES;
				CLANG_ENABLE_OBJC_ARC = YES;
				CLANG_ENABLE_OBJC_WEAK = YES;
				CLANG_WARN_BLOCK_CAPTURE_AUTORELEASING = YES;
				CLANG_WARN_BOOL_CONVERSION = YES;
				CLANG_WARN_COMMA = YES;
				CLANG_WARN_CONSTANT_CONVERSION = YES;
				CLANG_WARN_DEPRECATED_OBJC_IMPLEMENTATIONS = YES;
				CLANG_WARN_DIRECT_OBJC_ISA_USAGE = YES_ERROR;
				CLANG_WARN_DOCUMENTATION_COMMENTS = YES;
				CLANG_WARN_EMPTY_BODY = YES;
				CLANG_WARN_ENUM_CONVERSION = YES;
				CLANG_WARN_INFINITE_RECURSION = YES;
				CLANG_WARN_INT_CONVERSION = YES;
				CLANG_WARN_NON_LITERAL_NULL_CONVERSION = YES;
				CLANG_WARN_OBJC_IMPLICIT_RETAIN_SELF = YES;
				CLANG_WARN_OBJC_LITERAL_CONVERSION = YES;
				CLANG_WARN_OBJC_ROOT_CLASS = YES_ERROR;
				CLANG_WARN_RANGE_LOOP_ANALYSIS = YES;
				CLANG_WARN_STRICT_PROTOTYPES = YES;
				CLANG_WARN_SUSPICIOUS_MOVE = YES;
				CLANG_WARN_UNGUARDED_AVAILABILITY = YES_AGGRESSIVE;
				CLANG_WARN_UNREACHABLE_CODE = YES;
				CLANG_WARN__DUPLICATE_METHOD_MATCH = YES;
				CODE_SIGN_IDENTITY = "iPhone Developer";
				COPY_PHASE_STRIP = NO;
				DEBUG_INFORMATION_FORMAT = "dwarf-with-dsym";
				ENABLE_NS_ASSERTIONS = NO;
				ENABLE_STRICT_OBJC_MSGSEND = YES;
				GCC_C_LANGUAGE_STANDARD = gnu11;
				GCC_NO_COMMON_BLOCKS = YES;
				GCC_WARN_64_TO_32_BIT_CONVERSION = YES;
				GCC_WARN_ABOUT_RETURN_TYPE = YES_ERROR;
				GCC_WARN_UNDECLARED_SELECTOR = YES;
				GCC_WARN_UNINITIALIZED_AUTOS = YES_AGGRESSIVE;
				GCC_WARN_UNUSED_FUNCTION = YES;
				GCC_WARN_UNUSED_VARIABLE = YES;
				IPHONEOS_DEPLOYMENT_TARGET = 12.2;
				MTL_ENABLE_DEBUG_INFO = NO;
				MTL_FAST_MATH = YES;
				SDKROOT = iphoneos;
				SWIFT_COMPILATION_MODE = wholemodule;
				SWIFT_OPTIMIZATION_LEVEL = "-O";
				VALIDATE_PRODUCT = YES;
			};
			name = Release;
		};
		C30B68412265AF36008BD010 /* Debug */ = {
			isa = XCBuildConfiguration;
			buildSettings = {
				ASSETCATALOG_COMPILER_APPICON_NAME = AppIcon;
				CODE_SIGN_STYLE = Automatic;
				DEVELOPMENT_TEAM = "";
				INFOPLIST_FILE = QSRatingView/Info.plist;
				LD_RUNPATH_SEARCH_PATHS = (
					"$(inherited)",
					"@executable_path/Frameworks",
				);
				PRODUCT_BUNDLE_IDENTIFIER = dingsheng.QSRatingView;
				PRODUCT_NAME = "$(TARGET_NAME)";
				SWIFT_VERSION = 5.0;
				TARGETED_DEVICE_FAMILY = "1,2";
			};
			name = Debug;
		};
		C30B68422265AF36008BD010 /* Release */ = {
			isa = XCBuildConfiguration;
			buildSettings = {
				ASSETCATALOG_COMPILER_APPICON_NAME = AppIcon;
				CODE_SIGN_STYLE = Automatic;
				DEVELOPMENT_TEAM = "";
				INFOPLIST_FILE = QSRatingView/Info.plist;
				LD_RUNPATH_SEARCH_PATHS = (
					"$(inherited)",
					"@executable_path/Frameworks",
				);
				PRODUCT_BUNDLE_IDENTIFIER = dingsheng.QSRatingView;
				PRODUCT_NAME = "$(TARGET_NAME)";
				SWIFT_VERSION = 5.0;
				TARGETED_DEVICE_FAMILY = "1,2";
			};
			name = Release;
		};
/* End XCBuildConfiguration section */

/* Begin XCConfigurationList section */
		C30B68292265AF34008BD010 /* Build configuration list for PBXProject "QSRatingView" */ = {
			isa = XCConfigurationList;
			buildConfigurations = (
				C30B683E2265AF36008BD010 /* Debug */,
				C30B683F2265AF36008BD010 /* Release */,
			);
			defaultConfigurationIsVisible = 0;
			defaultConfigurationName = Release;
		};
		C30B68402265AF36008BD010 /* Build configuration list for PBXNativeTarget "QSRatingView" */ = {
			isa = XCConfigurationList;
			buildConfigurations = (
				C30B68412265AF36008BD010 /* Debug */,
				C30B68422265AF36008BD010 /* Release */,
			);
			defaultConfigurationIsVisible = 0;
			defaultConfigurationName = Release;
		};
/* End XCConfigurationList section */
	};
	rootObject = C30B68262265AF34008BD010 /* Project object */;
}
